
Microsoft Visual Studio Solution File, Format Version 12.00
# Visual Studio Version 17
VisualStudioVersion = 17.8.35931.193
MinimumVisualStudioVersion = 10.0.40219.1
Project("{FAE04EC0-301F-11D3-BF4B-00C04F79EFBC}") = "SchoolProject.Api", "SchoolProject.Api\SchoolProject.Api.csproj", "{9E053031-48E1-4D47-B7CB-5E60A267ED4D}"
EndProject
Project("{FAE04EC0-301F-11D3-BF4B-00C04F79EFBC}") = "SchoolProject.Data", "SchoolProject.Data\SchoolProject.Data.csproj", "{50F56DBF-3A6B-40E3-82A1-C8384F8C505A}"
EndProject
Project("{FAE04EC0-301F-11D3-BF4B-00C04F79EFBC}") = "SchoolProject.Infrustructure", "SchoolProject.Infrustructure\SchoolProject.Infrustructure.csproj", "{5D58CBB1-71C5-43C4-B1A2-3F2D1E9CF1A1}"
EndProject
Project("{FAE04EC0-301F-11D3-BF4B-00C04F79EFBC}") = "SchoolProject.Service", "SchoolProject.Service\SchoolProject.Service.csproj", "{3B5BAA51-42B6-456E-ACE3-5188D8B10E99}"
EndProject
Project("{FAE04EC0-301F-11D3-BF4B-00C04F79EFBC}") = "SchoolProject.Core", "SchoolProject.Core\SchoolProject.Core.csproj", "{DFC424E0-4C9D-4007-B467-1642FFC2C20F}"
EndProject
Global
	GlobalSection(SolutionConfigurationPlatforms) = preSolution
		Debug|Any CPU = Debug|Any CPU
		Release|Any CPU = Release|Any CPU
	EndGlobalSection
	GlobalSection(ProjectConfigurationPlatforms) = postSolution
		{9E053031-48E1-4D47-B7CB-5E60A267ED4D}.Debug|Any CPU.ActiveCfg = Debug|Any CPU
		{9E053031-48E1-4D47-B7CB-5E60A267ED4D}.Debug|Any CPU.Build.0 = Debug|Any CPU
		{9E053031-48E1-4D47-B7CB-5E60A267ED4D}.Release|Any CPU.ActiveCfg = Release|Any CPU
		{9E053031-48E1-4D47-B7CB-5E60A267ED4D}.Release|Any CPU.Build.0 = Release|Any CPU
		{50F56DBF-3A6B-40E3-82A1-C8384F8C505A}.Debug|Any CPU.ActiveCfg = Debug|Any CPU
		{50F56DBF-3A6B-40E3-82A1-C8384F8C505A}.Debug|Any CPU.Build.0 = Debug|Any CPU
		{50F56DBF-3A6B-40E3-82A1-C8384F8C505A}.Release|Any CPU.ActiveCfg = Release|Any CPU
		{50F56DBF-3A6B-40E3-82A1-C8384F8C505A}.Release|Any CPU.Build.0 = Release|Any CPU
		{5D58CBB1-71C5-43C4-B1A2-3F2D1E9CF1A1}.Debug|Any CPU.ActiveCfg = Debug|Any CPU
		{5D58CBB1-71C5-43C4-B1A2-3F2D1E9CF1A1}.Debug|Any CPU.Build.0 = Debug|Any CPU
		{5D58CBB1-71C5-43C4-B1A2-3F2D1E9CF1A1}.Release|Any CPU.ActiveCfg = Release|Any CPU
		{5D58CBB1-71C5-43C4-B1A2-3F2D1E9CF1A1}.Release|Any CPU.Build.0 = Release|Any CPU
		{3B5BAA51-42B6-456E-ACE3-5188D8B10E99}.Debug|Any CPU.ActiveCfg = Debug|Any CPU
		{3B5BAA51-42B6-456E-ACE3-5188D8B10E99}.Debug|Any CPU.Build.0 = Debug|Any CPU
		{3B5BAA51-42B6-456E-ACE3-5188D8B10E99}.Release|Any CPU.ActiveCfg = Release|Any CPU
		{3B5BAA51-42B6-456E-ACE3-5188D8B10E99}.Release|Any CPU.Build.0 = Release|Any CPU
		{DFC424E0-4C9D-4007-B467-1642FFC2C20F}.Debug|Any CPU.ActiveCfg = Debug|Any CPU
		{DFC424E0-4C9D-4007-B467-1642FFC2C20F}.Debug|Any CPU.Build.0 = Debug|Any CPU
		{DFC424E0-4C9D-4007-B467-1642FFC2C20F}.Release|Any CPU.ActiveCfg = Release|Any CPU
		{DFC424E0-4C9D-4007-B467-1642FFC2C20F}.Release|Any CPU.Build.0 = Release|Any CPU
	EndGlobalSection
	GlobalSection(SolutionProperties) = preSolution
		HideSolutionNode = FALSE
	EndGlobalSection
	GlobalSection(ExtensibilityGlobals) = postSolution
		SolutionGuid = {036C7E86-4BB9-462C-AE15-C3BBE1F605B0}
	EndGlobalSection
EndGlobal
